
Microsoft Visual Studio Solution File, Format Version 12.00
# Visual Studio 14
VisualStudioVersion = 14.0.22823.1
MinimumVisualStudioVersion = 10.0.40219.1
Project("{8BB2217D-0F2D-49D1-97BC-3654ED321F3B}") = "Damascus.Message", "Damascus.Message\Damascus.Message.xproj", "{E6D37CC1-4A23-4BAE-8927-EBF34159CC5D}"
EndProject
Project("{8BB2217D-0F2D-49D1-97BC-3654ED321F3B}") = "Damascus.Workflow", "Damascus.Workflow\Damascus.Workflow.xproj", "{5E27D2BD-10A0-49D2-A2D4-CDC39B6EF134}"
EndProject
Project("{8BB2217D-0F2D-49D1-97BC-3654ED321F3B}") = "Damascus.Core", "Damascus.Core\Damascus.Core.xproj", "{9FBCED1B-8099-4FE9-9155-A96C05FD38AD}"
EndProject
Project("{8BB2217D-0F2D-49D1-97BC-3654ED321F3B}") = "Damascus.Web", "Damascus.Web\Damascus.Web.xproj", "{48BCF914-CDA6-4F57-BC77-8BC539E5ED29}"
EndProject
Project("{8BB2217D-0F2D-49D1-97BC-3654ED321F3B}") = "Damascus.MessageChannel", "Damascus.MessageChannel\Damascus.MessageChannel.xproj", "{FCFF7D0A-3EC0-431C-9DB1-2E3741D64ABD}"
EndProject
Global
	GlobalSection(SolutionConfigurationPlatforms) = preSolution
		Debug|Any CPU = Debug|Any CPU
		Release|Any CPU = Release|Any CPU
	EndGlobalSection
	GlobalSection(ProjectConfigurationPlatforms) = postSolution
		{E6D37CC1-4A23-4BAE-8927-EBF34159CC5D}.Debug|Any CPU.ActiveCfg = Debug|Any CPU
		{E6D37CC1-4A23-4BAE-8927-EBF34159CC5D}.Debug|Any CPU.Build.0 = Debug|Any CPU
		{E6D37CC1-4A23-4BAE-8927-EBF34159CC5D}.Release|Any CPU.ActiveCfg = Release|Any CPU
		{E6D37CC1-4A23-4BAE-8927-EBF34159CC5D}.Release|Any CPU.Build.0 = Release|Any CPU
		{5E27D2BD-10A0-49D2-A2D4-CDC39B6EF134}.Debug|Any CPU.ActiveCfg = Debug|Any CPU
		{5E27D2BD-10A0-49D2-A2D4-CDC39B6EF134}.Debug|Any CPU.Build.0 = Debug|Any CPU
		{5E27D2BD-10A0-49D2-A2D4-CDC39B6EF134}.Release|Any CPU.ActiveCfg = Release|Any CPU
		{5E27D2BD-10A0-49D2-A2D4-CDC39B6EF134}.Release|Any CPU.Build.0 = Release|Any CPU
		{9FBCED1B-8099-4FE9-9155-A96C05FD38AD}.Debug|Any CPU.ActiveCfg = Debug|Any CPU
		{9FBCED1B-8099-4FE9-9155-A96C05FD38AD}.Debug|Any CPU.Build.0 = Debug|Any CPU
		{9FBCED1B-8099-4FE9-9155-A96C05FD38AD}.Release|Any CPU.ActiveCfg = Release|Any CPU
		{9FBCED1B-8099-4FE9-9155-A96C05FD38AD}.Release|Any CPU.Build.0 = Release|Any CPU
		{48BCF914-CDA6-4F57-BC77-8BC539E5ED29}.Debug|Any CPU.ActiveCfg = Debug|Any CPU
		{48BCF914-CDA6-4F57-BC77-8BC539E5ED29}.Debug|Any CPU.Build.0 = Debug|Any CPU
		{48BCF914-CDA6-4F57-BC77-8BC539E5ED29}.Release|Any CPU.ActiveCfg = Release|Any CPU
		{48BCF914-CDA6-4F57-BC77-8BC539E5ED29}.Release|Any CPU.Build.0 = Release|Any CPU
		{FCFF7D0A-3EC0-431C-9DB1-2E3741D64ABD}.Debug|Any CPU.ActiveCfg = Debug|Any CPU
		{FCFF7D0A-3EC0-431C-9DB1-2E3741D64ABD}.Debug|Any CPU.Build.0 = Debug|Any CPU
		{FCFF7D0A-3EC0-431C-9DB1-2E3741D64ABD}.Release|Any CPU.ActiveCfg = Release|Any CPU
		{FCFF7D0A-3EC0-431C-9DB1-2E3741D64ABD}.Release|Any CPU.Build.0 = Release|Any CPU
	EndGlobalSection
	GlobalSection(SolutionProperties) = preSolution
		HideSolutionNode = FALSE
	EndGlobalSection
EndGlobal
